Microsoft Visual Studio Solution File, Format Version 11.00
# Visual Studio 2008

Project("{9769E77E-EA76-86A8-9234-45A87F34484F}") = "gamehud_unity_demo", "Assembly-CSharp.csproj", "{DD36988A-F06E-78CD-FC0D-FF52FF2318A4}"
EndProject
Global
	GlobalSection(SolutionConfigurationPlatforms) = preSolution
		Debug|Any CPU = Debug|Any CPU
		Release|Any CPU = Release|Any CPU
	EndGlobalSection
	GlobalSection(ProjectConfigurationPlatforms) = postSolution
		{DD36988A-F06E-78CD-FC0D-FF52FF2318A4}.Debug|Any CPU.ActiveCfg = Debug|Any CPU
		{DD36988A-F06E-78CD-FC0D-FF52FF2318A4}.Debug|Any CPU.Build.0 = Debug|Any CPU
		{DD36988A-F06E-78CD-FC0D-FF52FF2318A4}.Release|Any CPU.ActiveCfg = Release|Any CPU
		{DD36988A-F06E-78CD-FC0D-FF52FF2318A4}.Release|Any CPU.Build.0 = Release|Any CPU
	EndGlobalSection
	GlobalSection(SolutionProperties) = preSolution
		HideSolutionNode = FALSE
	EndGlobalSection
	
EndGlobal
